
Microsoft Visual Studio Solution File, Format Version 12.00
# Visual Studio Version 17
VisualStudioVersion = 17.0.31717.71
MinimumVisualStudioVersion = 10.0.40219.1
Project("{8BC9CEB8-8B4A-11D0-8D11-00A0C91BC942}") = "ArrowEngine", "ArrowEngine\ArrowEngine.vcxproj", "{C1B23CD5-AFEE-4CF8-89C6-2DB6AF8C9666}"
EndProject
Project("{8BC9CEB8-8B4A-11D0-8D11-00A0C91BC942}") = "SandBox", "SandBox\SandBox.vcxproj", "{D2DF4378-78E0-4DD9-9E90-25386D7DB091}"
EndProject
Global
	GlobalSection(SolutionConfigurationPlatforms) = preSolution
		Debug|x64 = Debug|x64
		Release|x64 = Release|x64
	EndGlobalSection
	GlobalSection(ProjectConfigurationPlatforms) = postSolution
		{C1B23CD5-AFEE-4CF8-89C6-2DB6AF8C9666}.Debug|x64.ActiveCfg = Debug|x64
		{C1B23CD5-AFEE-4CF8-89C6-2DB6AF8C9666}.Debug|x64.Build.0 = Debug|x64
		{C1B23CD5-AFEE-4CF8-89C6-2DB6AF8C9666}.Release|x64.ActiveCfg = Release|x64
		{C1B23CD5-AFEE-4CF8-89C6-2DB6AF8C9666}.Release|x64.Build.0 = Release|x64
		{D2DF4378-78E0-4DD9-9E90-25386D7DB091}.Debug|x64.ActiveCfg = Debug|x64
		{D2DF4378-78E0-4DD9-9E90-25386D7DB091}.Debug|x64.Build.0 = Debug|x64
		{D2DF4378-78E0-4DD9-9E90-25386D7DB091}.Release|x64.ActiveCfg = Release|x64
		{D2DF4378-78E0-4DD9-9E90-25386D7DB091}.Release|x64.Build.0 = Release|x64
	EndGlobalSection
	GlobalSection(SolutionProperties) = preSolution
		HideSolutionNode = FALSE
	EndGlobalSection
	GlobalSection(ExtensibilityGlobals) = postSolution
		SolutionGuid = {95F01B3D-08DA-4E8A-8713-BBE68A576749}
	EndGlobalSection
EndGlobal
